// !$*UTF8*$!
{
	archiveVersion = 1;
	classes = {
	};
	objectVersion = 50;
	objects = {

/* Begin PBXBuildFile section */
		AA18CD30210ADF8F00B727AF /* AppDelegate.swift in Sources */ = {isa = PBXBuildFile; fileRef = AA18CD2F210ADF8F00B727AF /* AppDelegate.swift */; };
		AA18CD32210ADF8F00B727AF /* ViewController.swift in Sources */ = {isa = PBXBuildFile; fileRef = AA18CD31210ADF8F00B727AF /* ViewController.swift */; };
		AA18CD35210ADF8F00B727AF /* Main.storyboard in Resources */ = {isa = PBXBuildFile; fileRef = AA18CD33210ADF8F00B727AF /* Main.storyboard */; };
		AA18CD37210ADF8F00B727AF /* Assets.xcassets in Resources */ = {isa = PBXBuildFile; fileRef = AA18CD36210ADF8F00B727AF /* Assets.xcassets */; };
		AA18CD3A210ADF8F00B727AF /* LaunchScreen.storyboard in Resources */ = {isa = PBXBuildFile; fileRef = AA18CD38210ADF8F00B727AF /* LaunchScreen.storyboard */; };
		AA18CD42210AF78400B727AF /* UIView+extension.swift in Sources */ = {isa = PBXBuildFile; fileRef = AA18CD41210AF78400B727AF /* UIView+extension.swift */; };
/* End PBXBuildFile section */

/* Begin PBXFileReference section */
		AA18CD2C210ADF8F00B727AF /* PullUpViewController.app */ = {isa = PBXFileReference; explicitFileType = wrapper.application; includeInIndex = 0; path = PullUpViewController.app; sourceTree = BUILT_PRODUCTS_DIR; };
		AA18CD2F210ADF8F00B727AF /* AppDelegate.swift */ = {isa = PBXFileReference; lastKnownFileType = sourcecode.swift; path = AppDelegate.swift; sourceTree = "<group>"; };
		AA18CD31210ADF8F00B727AF /* ViewController.swift */ = {isa = PBXFileReference; lastKnownFileType = sourcecode.swift; path = ViewController.swift; sourceTree = "<group>"; };
		AA18CD34210ADF8F00B727AF /* Base */ = {isa = PBXFileReference; lastKnownFileType = file.storyboard; name = Base; path = Base.lproj/Main.storyboard; sourceTree = "<group>"; };
		AA18CD36210ADF8F00B727AF /* Assets.xcassets */ = {isa = PBXFileReference; lastKnownFileType = folder.assetcatalog; path = Assets.xcassets; sourceTree = "<group>"; };
		AA18CD39210ADF8F00B727AF /* Base */ = {isa = PBXFileReference; lastKnownFileType = file.storyboard; name = Base; path = Base.lproj/LaunchScreen.storyboard; sourceTree = "<group>"; };
		AA18CD3B210ADF8F00B727AF /* Info.plist */ = {isa = PBXFileReference; lastKnownFileType = text.plist.xml; path = Info.plist; sourceTree = "<group>"; };
		AA18CD41210AF78400B727AF /* UIView+extension.swift */ = {isa = PBXFileReference; lastKnownFileType = sourcecode.swift; path = "UIView+extension.swift"; sourceTree = "<group>"; };
/* End PBXFileReference section */

/* Begin PBXFrameworksBuildPhase section */
		AA18CD29210ADF8F00B727AF /* Frameworks */ = {
			isa = PBXFrameworksBuildPhase;
			buildActionMask = 2147483647;
			files = (
			);
			runOnlyForDeploymentPostprocessing = 0;
		};
/* End PBXFrameworksBuildPhase section */

/* Begin PBXGroup section */
		AA18CD23210ADF8F00B727AF = {
			isa = PBXGroup;
			children = (
				AA18CD2E210ADF8F00B727AF /* PullUpViewController */,
				AA18CD2D210ADF8F00B727AF /* Products */,
			);
			sourceTree = "<group>";
		};
		AA18CD2D210ADF8F00B727AF /* Products */ = {
			isa = PBXGroup;
			children = (
				AA18CD2C210ADF8F00B727AF /* PullUpViewController.app */,
			);
			name = Products;
			sourceTree = "<group>";
		};
		AA18CD2E210ADF8F00B727AF /* PullUpViewController */ = {
			isa = PBXGroup;
			children = (
				AA18CD2F210ADF8F00B727AF /* AppDelegate.swift */,
				AA18CD31210ADF8F00B727AF /* ViewController.swift */,
				AA18CD41210AF78400B727AF /* UIView+extension.swift */,
				AA18CD33210ADF8F00B727AF /* Main.storyboard */,
				AA18CD36210ADF8F00B727AF /* Assets.xcassets */,
				AA18CD38210ADF8F00B727AF /* LaunchScreen.storyboard */,
				AA18CD3B210ADF8F00B727AF /* Info.plist */,
			);
			path = PullUpViewController;
			sourceTree = "<group>";
		};
/* End PBXGroup section */

/* Begin PBXNativeTarget section */
		AA18CD2B210ADF8F00B727AF /* PullUpViewController */ = {
			isa = PBXNativeTarget;
			buildConfigurationList = AA18CD3E210ADF8F00B727AF /* Build configuration list for PBXNativeTarget "PullUpViewController" */;
			buildPhases = (
				AA18CD28210ADF8F00B727AF /* Sources */,
				AA18CD29210ADF8F00B727AF /* Frameworks */,
				AA18CD2A210ADF8F00B727AF /* Resources */,
			);
			buildRules = (
			);
			dependencies = (
			);
			name = PullUpViewController;
			productName = PullUpViewController;
			productReference = AA18CD2C210ADF8F00B727AF /* PullUpViewController.app */;
			productType = "com.apple.product-type.application";
		};
/* End PBXNativeTarget section */

/* Begin PBXProject section */
		AA18CD24210ADF8F00B727AF /* Project object */ = {
			isa = PBXProject;
			attributes = {
				LastSwiftUpdateCheck = 1000;
				LastUpgradeCheck = 1000;
				ORGANIZATIONNAME = Ethan;
				TargetAttributes = {
					AA18CD2B210ADF8F00B727AF = {
						CreatedOnToolsVersion = 10.0;
					};
				};
			};
			buildConfigurationList = AA18CD27210ADF8F00B727AF /* Build configuration list for PBXProject "PullUpViewController" */;
			compatibilityVersion = "Xcode 9.3";
			developmentRegion = en;
			hasScannedForEncodings = 0;
			knownRegions = (
				en,
				Base,
			);
			mainGroup = AA18CD23210ADF8F00B727AF;
			productRefGroup = AA18CD2D210ADF8F00B727AF /* Products */;
			projectDirPath = "";
			projectRoot = "";
			targets = (
				AA18CD2B210ADF8F00B727AF /* PullUpViewController */,
			);
		};
/* End PBXProject section */

/* Begin PBXResourcesBuildPhase section */
		AA18CD2A210ADF8F00B727AF /* Resources */ = {
			isa = PBXResourcesBuildPhase;
			buildActionMask = 2147483647;
			files = (
				AA18CD3A210ADF8F00B727AF /* LaunchScreen.storyboard in Resources */,
				AA18CD37210ADF8F00B727AF /* Assets.xcassets in Resources */,
				AA18CD35210ADF8F00B727AF /* Main.storyboard in Resources */,
			);
			runOnlyForDeploymentPostprocessing = 0;
		};
/* End PBXResourcesBuildPhase section */

/* Begin PBXSourcesBuildPhase section */
		AA18CD28210ADF8F00B727AF /* Sources */ = {
			isa = PBXSourcesBuildPhase;
			buildActionMask = 2147483647;
			files = (
				AA18CD42210AF78400B727AF /* UIView+extension.swift in Sources */,
				AA18CD32210ADF8F00B727AF /* ViewController.swift in Sources */,
				AA18CD30210ADF8F00B727AF /* AppDelegate.swift in Sources */,
			);
			runOnlyForDeploymentPostprocessing = 0;
		};
/* End PBXSourcesBuildPhase section */

/* Begin PBXVariantGroup section */
		AA18CD33210ADF8F00B727AF /* Main.storyboard */ = {
			isa = PBXVariantGroup;
			children = (
				AA18CD34210ADF8F00B727AF /* Base */,
			);
			name = Main.storyboard;
			sourceTree = "<group>";
		};
		AA18CD38210ADF8F00B727AF /* LaunchScreen.storyboard */ = {
			isa = PBXVariantGroup;
			children = (
				AA18CD39210ADF8F00B727AF /* Base */,
			);
			name = LaunchScreen.storyboard;
			sourceTree = "<group>";
		};
/* End PBXVariantGroup section */

/* Begin XCBuildConfiguration section */
		AA18CD3C210ADF8F00B727AF /* Debug */ = {
			isa = XCBuildConfiguration;
			buildSettings = {
				ALWAYS_SEARCH_USER_PATHS = NO;
				CLANG_ANALYZER_NONNULL = YES;
				CLANG_ANALYZER_NUMBER_OBJECT_CONVERSION = YES_AGGRESSIVE;
				CLANG_CXX_LANGUAGE_STANDARD = "gnu++14";
				CLANG_CXX_LIBRARY = "libc++";
				CLANG_ENABLE_MODULES = YES;
				CLANG_ENABLE_OBJC_ARC = YES;
				CLANG_ENABLE_OBJC_WEAK = YES;
				CLANG_WARN_BLOCK_CAPTURE_AUTORELEASING = YES;
				CLANG_WARN_BOOL_CONVERSION = YES;
				CLANG_WARN_COMMA = YES;
				CLANG_WARN_CONSTANT_CONVERSION = YES;
				CLANG_WARN_DEPRECATED_OBJC_IMPLEMENTATIONS = YES;
				CLANG_WARN_DIRECT_OBJC_ISA_USAGE = YES_ERROR;
				CLANG_WARN_DOCUMENTATION_COMMENTS = YES;
				CLANG_WARN_EMPTY_BODY = YES;
				CLANG_WARN_ENUM_CONVERSION = YES;
				CLANG_WARN_INFINITE_RECURSION = YES;
				CLANG_WARN_INT_CONVERSION = YES;
				CLANG_WARN_NON_LITERAL_NULL_CONVERSION = YES;
				CLANG_WARN_OBJC_IMPLICIT_RETAIN_SELF = YES;
				CLANG_WARN_OBJC_LITERAL_CONVERSION = YES;
				CLANG_WARN_OBJC_ROOT_CLASS = YES_ERROR;
				CLANG_WARN_RANGE_LOOP_ANALYSIS = YES;
				CLANG_WARN_STRICT_PROTOTYPES = YES;
				CLANG_WARN_SUSPICIOUS_MOVE = YES;
				CLANG_WARN_UNGUARDED_AVAILABILITY = YES_AGGRESSIVE;
				CLANG_WARN_UNREACHABLE_CODE = YES;
				CLANG_WARN__DUPLICATE_METHOD_MATCH = YES;
				CODE_SIGN_IDENTITY = "iPhone Developer";
				COPY_PHASE_STRIP = NO;
				DEBUG_INFORMATION_FORMAT = dwarf;
				ENABLE_STRICT_OBJC_MSGSEND = YES;
				ENABLE_TESTABILITY = YES;
				GCC_C_LANGUAGE_STANDARD = gnu11;
				GCC_DYNAMIC_NO_PIC = NO;
				GCC_NO_COMMON_BLOCKS = YES;
				GCC_OPTIMIZATION_LEVEL = 0;
				GCC_PREPROCESSOR_DEFINITIONS = (
					"DEBUG=1",
					"$(inherited)",
				);
				GCC_WARN_64_TO_32_BIT_CONVERSION = YES;
				GCC_WARN_ABOUT_RETURN_TYPE = YES_ERROR;
				GCC_WARN_UNDECLARED_SELECTOR = YES;
				GCC_WARN_UNINITIALIZED_AUTOS = YES_AGGRESSIVE;
				GCC_WARN_UNUSED_FUNCTION = YES;
				GCC_WARN_UNUSED_VARIABLE = YES;
				IPHONEOS_DEPLOYMENT_TARGET = 12.0;
				MTL_ENABLE_DEBUG_INFO = INCLUDE_SOURCE;
				MTL_FAST_MATH = YES;
				ONLY_ACTIVE_ARCH = YES;
				SDKROOT = iphoneos;
				SWIFT_ACTIVE_COMPILATION_CONDITIONS = DEBUG;
				SWIFT_OPTIMIZATION_LEVEL = "-Onone";
			};
			name = Debug;
		};
		AA18CD3D210ADF8F00B727AF /* Release */ = {
			isa = XCBuildConfiguration;
			buildSettings = {
				ALWAYS_SEARCH_USER_PATHS = NO;
				CLANG_ANALYZER_NONNULL = YES;
				CLANG_ANALYZER_NUMBER_OBJECT_CONVERSION = YES_AGGRESSIVE;
				CLANG_CXX_LANGUAGE_STANDARD = "gnu++14";
				CLANG_CXX_LIBRARY = "libc++";
				CLANG_ENABLE_MODULES = YES;
				CLANG_ENABLE_OBJC_ARC = YES;
				CLANG_ENABLE_OBJC_WEAK = YES;
				CLANG_WARN_BLOCK_CAPTURE_AUTORELEASING = YES;
				CLANG_WARN_BOOL_CONVERSION = YES;
				CLANG_WARN_COMMA = YES;
				CLANG_WARN_CONSTANT_CONVERSION = YES;
				CLANG_WARN_DEPRECATED_OBJC_IMPLEMENTATIONS = YES;
				CLANG_WARN_DIRECT_OBJC_ISA_USAGE = YES_ERROR;
				CLANG_WARN_DOCUMENTATION_COMMENTS = YES;
				CLANG_WARN_EMPTY_BODY = YES;
				CLANG_WARN_ENUM_CONVERSION = YES;
				CLANG_WARN_INFINITE_RECURSION = YES;
				CLANG_WARN_INT_CONVERSION = YES;
				CLANG_WARN_NON_LITERAL_NULL_CONVERSION = YES;
				CLANG_WARN_OBJC_IMPLICIT_RETAIN_SELF = YES;
				CLANG_WARN_OBJC_LITERAL_CONVERSION = YES;
				CLANG_WARN_OBJC_ROOT_CLASS = YES_ERROR;
				CLANG_WARN_RANGE_LOOP_ANALYSIS = YES;
				CLANG_WARN_STRICT_PROTOTYPES = YES;
				CLANG_WARN_SUSPICIOUS_MOVE = YES;
				CLANG_WARN_UNGUARDED_AVAILABILITY = YES_AGGRESSIVE;
				CLANG_WARN_UNREACHABLE_CODE = YES;
				CLANG_WARN__DUPLICATE_METHOD_MATCH = YES;
				CODE_SIGN_IDENTITY = "iPhone Developer";
				COPY_PHASE_STRIP = NO;
				DEBUG_INFORMATION_FORMAT = "dwarf-with-dsym";
				ENABLE_NS_ASSERTIONS = NO;
				ENABLE_STRICT_OBJC_MSGSEND = YES;
				GCC_C_LANGUAGE_STANDARD = gnu11;
				GCC_NO_COMMON_BLOCKS = YES;
				GCC_WARN_64_TO_32_BIT_CONVERSION = YES;
				GCC_WARN_ABOUT_RETURN_TYPE = YES_ERROR;
				GCC_WARN_UNDECLARED_SELECTOR = YES;
				GCC_WARN_UNINITIALIZED_AUTOS = YES_AGGRESSIVE;
				GCC_WARN_UNUSED_FUNCTION = YES;
				GCC_WARN_UNUSED_VARIABLE = YES;
				IPHONEOS_DEPLOYMENT_TARGET = 12.0;
				MTL_ENABLE_DEBUG_INFO = NO;
				MTL_FAST_MATH = YES;
				SDKROOT = iphoneos;
				SWIFT_COMPILATION_MODE = wholemodule;
				SWIFT_OPTIMIZATION_LEVEL = "-O";
				VALIDATE_PRODUCT = YES;
			};
			name = Release;
		};
		AA18CD3F210ADF8F00B727AF /* Debug */ = {
			isa = XCBuildConfiguration;
			buildSettings = {
				ASSETCATALOG_COMPILER_APPICON_NAME = AppIcon;
				CODE_SIGN_STYLE = Automatic;
				DEVELOPMENT_TEAM = 87N724V2PB;
				INFOPLIST_FILE = PullUpViewController/Info.plist;
				LD_RUNPATH_SEARCH_PATHS = (
					"$(inherited)",
					"@executable_path/Frameworks",
				);
				PRODUCT_BUNDLE_IDENTIFIER = com.ethanlab.PullUpViewController;
				PRODUCT_NAME = "$(TARGET_NAME)";
				SWIFT_VERSION = 4.2;
				TARGETED_DEVICE_FAMILY = "1,2";
			};
			name = Debug;
		};
		AA18CD40210ADF8F00B727AF /* Release */ = {
			isa = XCBuildConfiguration;
			buildSettings = {
				ASSETCATALOG_COMPILER_APPICON_NAME = AppIcon;
				CODE_SIGN_STYLE = Automatic;
				DEVELOPMENT_TEAM = 87N724V2PB;
				INFOPLIST_FILE = PullUpViewController/Info.plist;
				LD_RUNPATH_SEARCH_PATHS = (
					"$(inherited)",
					"@executable_path/Frameworks",
				);
				PRODUCT_BUNDLE_IDENTIFIER = com.ethanlab.PullUpViewController;
				PRODUCT_NAME = "$(TARGET_NAME)";
				SWIFT_VERSION = 4.2;
				TARGETED_DEVICE_FAMILY = "1,2";
			};
			name = Release;
		};
/* End XCBuildConfiguration section */

/* Begin XCConfigurationList section */
		AA18CD27210ADF8F00B727AF /* Build configuration list for PBXProject "PullUpViewController" */ = {
			isa = XCConfigurationList;
			buildConfigurations = (
				AA18CD3C210ADF8F00B727AF /* Debug */,
				AA18CD3D210ADF8F00B727AF /* Release */,
			);
			defaultConfigurationIsVisible = 0;
			defaultConfigurationName = Release;
		};
		AA18CD3E210ADF8F00B727AF /* Build configuration list for PBXNativeTarget "PullUpViewController" */ = {
			isa = XCConfigurationList;
			buildConfigurations = (
				AA18CD3F210ADF8F00B727AF /* Debug */,
				AA18CD40210ADF8F00B727AF /* Release */,
			);
			defaultConfigurationIsVisible = 0;
			defaultConfigurationName = Release;
		};
/* End XCConfigurationList section */
	};
	rootObject = AA18CD24210ADF8F00B727AF /* Project object */;
}
